
Microsoft Visual Studio Solution File, Format Version 12.00
# Visual Studio Version 16
VisualStudioVersion = 16.0.32002.261
MinimumVisualStudioVersion = 10.0.40219.1
Project("{2150E333-8FDC-42A3-9474-1A3956D46DE8}") = "src", "src", "{35D434B4-447B-46CD-8EB8-7AE250BCB0FD}"
EndProject
Project("{FAE04EC0-301F-11D3-BF4B-00C04F79EFBC}") = "Nullables", "Nullables\Nullables.csproj", "{03E89896-648F-49F2-9990-0201B52807E7}"
EndProject
Global
	GlobalSection(SolutionConfigurationPlatforms) = preSolution
		Debug|Any CPU = Debug|Any CPU
		Release|Any CPU = Release|Any CPU
	EndGlobalSection
	GlobalSection(ProjectConfigurationPlatforms) = postSolution
		{03E89896-648F-49F2-9990-0201B52807E7}.Debug|Any CPU.ActiveCfg = Debug|Any CPU
		{03E89896-648F-49F2-9990-0201B52807E7}.Debug|Any CPU.Build.0 = Debug|Any CPU
		{03E89896-648F-49F2-9990-0201B52807E7}.Release|Any CPU.ActiveCfg = Release|Any CPU
		{03E89896-648F-49F2-9990-0201B52807E7}.Release|Any CPU.Build.0 = Release|Any CPU
	EndGlobalSection
	GlobalSection(SolutionProperties) = preSolution
		HideSolutionNode = FALSE
	EndGlobalSection
	GlobalSection(NestedProjects) = preSolution
		{03E89896-648F-49F2-9990-0201B52807E7} = {35D434B4-447B-46CD-8EB8-7AE250BCB0FD}
	EndGlobalSection
	GlobalSection(ExtensibilityGlobals) = postSolution
		SolutionGuid = {EF6A48F2-42A9-4A77-872E-F20F30D82DF4}
	EndGlobalSection
EndGlobal
